
Microsoft Visual Studio Solution File, Format Version 12.00
# Visual Studio 15
VisualStudioVersion = 15.0.27703.2035
MinimumVisualStudioVersion = 10.0.40219.1
Project("{9A19103F-16F7-4668-BE54-9A1E7A4F7556}") = "testAPI", "testAPI\testAPI.csproj", "{3FDD5F1B-5CC0-432C-8C57-FC6B6FD83D78}"
EndProject
Project("{FAE04EC0-301F-11D3-BF4B-00C04F79EFBC}") = "RabbitExample", "RabbitExample\RabbitExample.csproj", "{2CAAD30B-4BF2-4ABA-8F16-1ACB7BD98403}"
EndProject
Project("{FAE04EC0-301F-11D3-BF4B-00C04F79EFBC}") = "TestDTO", "TestDTO\TestDTO.csproj", "{957D0CB0-76AB-4357-B7B3-8CE1F2A2B9FC}"
EndProject
Global
	GlobalSection(SolutionConfigurationPlatforms) = preSolution
		Debug|Any CPU = Debug|Any CPU
		Release|Any CPU = Release|Any CPU
	EndGlobalSection
	GlobalSection(ProjectConfigurationPlatforms) = postSolution
		{3FDD5F1B-5CC0-432C-8C57-FC6B6FD83D78}.Debug|Any CPU.ActiveCfg = Debug|Any CPU
		{3FDD5F1B-5CC0-432C-8C57-FC6B6FD83D78}.Debug|Any CPU.Build.0 = Debug|Any CPU
		{3FDD5F1B-5CC0-432C-8C57-FC6B6FD83D78}.Release|Any CPU.ActiveCfg = Release|Any CPU
		{3FDD5F1B-5CC0-432C-8C57-FC6B6FD83D78}.Release|Any CPU.Build.0 = Release|Any CPU
		{2CAAD30B-4BF2-4ABA-8F16-1ACB7BD98403}.Debug|Any CPU.ActiveCfg = Debug|Any CPU
		{2CAAD30B-4BF2-4ABA-8F16-1ACB7BD98403}.Debug|Any CPU.Build.0 = Debug|Any CPU
		{2CAAD30B-4BF2-4ABA-8F16-1ACB7BD98403}.Release|Any CPU.ActiveCfg = Release|Any CPU
		{2CAAD30B-4BF2-4ABA-8F16-1ACB7BD98403}.Release|Any CPU.Build.0 = Release|Any CPU
		{957D0CB0-76AB-4357-B7B3-8CE1F2A2B9FC}.Debug|Any CPU.ActiveCfg = Debug|Any CPU
		{957D0CB0-76AB-4357-B7B3-8CE1F2A2B9FC}.Debug|Any CPU.Build.0 = Debug|Any CPU
		{957D0CB0-76AB-4357-B7B3-8CE1F2A2B9FC}.Release|Any CPU.ActiveCfg = Release|Any CPU
		{957D0CB0-76AB-4357-B7B3-8CE1F2A2B9FC}.Release|Any CPU.Build.0 = Release|Any CPU
	EndGlobalSection
	GlobalSection(SolutionProperties) = preSolution
		HideSolutionNode = FALSE
	EndGlobalSection
	GlobalSection(ExtensibilityGlobals) = postSolution
		SolutionGuid = {D5C0E7F4-084A-4404-89EE-D836C8903091}
	EndGlobalSection
EndGlobal
